{
  "object": {
    "pins": [
      {
        "package": "BigInt",
        "repositoryURL": "https://github.com/ericlewis/BigInt.git",
        "state": {
          "branch": "master",
          "revision": "ef1641b9ec4de6ba48b899816448a9b19f307df2",
          "version": null
        }
      }
    ]
  },
  "version": 1
}
